
Microsoft Visual Studio Solution File, Format Version 12.00
Project("{FAE04EC0-301F-11D3-BF4B-00C04F79EFBC}") = "Model", "Model\Model.csproj", "{223E43DF-B547-416D-BD0A-FD410F1717F7}"
EndProject
Project("{FAE04EC0-301F-11D3-BF4B-00C04F79EFBC}") = "Core", "Core\Core.csproj", "{B60B2D4E-EDE9-43F1-B244-5245576ADA51}"
EndProject
Project("{FAE04EC0-301F-11D3-BF4B-00C04F79EFBC}") = "UI", "UI\UI.csproj", "{ED662E3F-4775-4038-BB75-73B5F63599A3}"
EndProject
Global
	GlobalSection(SolutionConfigurationPlatforms) = preSolution
		Debug|Any CPU = Debug|Any CPU
		Release|Any CPU = Release|Any CPU
	EndGlobalSection
	GlobalSection(ProjectConfigurationPlatforms) = postSolution
		{223E43DF-B547-416D-BD0A-FD410F1717F7}.Debug|Any CPU.ActiveCfg = Debug|Any CPU
		{223E43DF-B547-416D-BD0A-FD410F1717F7}.Debug|Any CPU.Build.0 = Debug|Any CPU
		{223E43DF-B547-416D-BD0A-FD410F1717F7}.Release|Any CPU.ActiveCfg = Release|Any CPU
		{223E43DF-B547-416D-BD0A-FD410F1717F7}.Release|Any CPU.Build.0 = Release|Any CPU
		{B60B2D4E-EDE9-43F1-B244-5245576ADA51}.Debug|Any CPU.ActiveCfg = Debug|Any CPU
		{B60B2D4E-EDE9-43F1-B244-5245576ADA51}.Debug|Any CPU.Build.0 = Debug|Any CPU
		{B60B2D4E-EDE9-43F1-B244-5245576ADA51}.Release|Any CPU.ActiveCfg = Release|Any CPU
		{B60B2D4E-EDE9-43F1-B244-5245576ADA51}.Release|Any CPU.Build.0 = Release|Any CPU
		{ED662E3F-4775-4038-BB75-73B5F63599A3}.Debug|Any CPU.ActiveCfg = Debug|Any CPU
		{ED662E3F-4775-4038-BB75-73B5F63599A3}.Debug|Any CPU.Build.0 = Debug|Any CPU
		{ED662E3F-4775-4038-BB75-73B5F63599A3}.Release|Any CPU.ActiveCfg = Release|Any CPU
		{ED662E3F-4775-4038-BB75-73B5F63599A3}.Release|Any CPU.Build.0 = Release|Any CPU
	EndGlobalSection
EndGlobal
